
Microsoft Visual Studio Solution File, Format Version 12.00
# Visual Studio Version 17
VisualStudioVersion = 17.11.35431.28
MinimumVisualStudioVersion = 10.0.40219.1
Project("{9A19103F-16F7-4668-BE54-9A1E7A4F7556}") = "MvcMovie", "MvcMovie\MvcMovie.csproj", "{B22E05E3-C002-44F6-BB8C-754CACFD0605}"
EndProject
Project("{9A19103F-16F7-4668-BE54-9A1E7A4F7556}") = "Routing", "Routing\Routing.csproj", "{C82BDA7C-2B8F-49B1-83B7-DA1F6A5C7233}"
EndProject
Project("{9A19103F-16F7-4668-BE54-9A1E7A4F7556}") = "MvcMovieOneToMany", "MvcMovieOneToMany\MvcMovieOneToMany.csproj", "{A2C3E82C-9F2E-48CA-BD5C-552F6F386E61}"
EndProject
Project("{FAE04EC0-301F-11D3-BF4B-00C04F79EFBC}") = "FluentApi", "FluentApi\FluentApi.csproj", "{5330CB7E-D8D8-4F08-9837-37522B6EA433}"
EndProject
Global
	GlobalSection(SolutionConfigurationPlatforms) = preSolution
		Debug|Any CPU = Debug|Any CPU
		Release|Any CPU = Release|Any CPU
	EndGlobalSection
	GlobalSection(ProjectConfigurationPlatforms) = postSolution
		{B22E05E3-C002-44F6-BB8C-754CACFD0605}.Debug|Any CPU.ActiveCfg = Debug|Any CPU
		{B22E05E3-C002-44F6-BB8C-754CACFD0605}.Debug|Any CPU.Build.0 = Debug|Any CPU
		{B22E05E3-C002-44F6-BB8C-754CACFD0605}.Release|Any CPU.ActiveCfg = Release|Any CPU
		{B22E05E3-C002-44F6-BB8C-754CACFD0605}.Release|Any CPU.Build.0 = Release|Any CPU
		{C82BDA7C-2B8F-49B1-83B7-DA1F6A5C7233}.Debug|Any CPU.ActiveCfg = Debug|Any CPU
		{C82BDA7C-2B8F-49B1-83B7-DA1F6A5C7233}.Debug|Any CPU.Build.0 = Debug|Any CPU
		{C82BDA7C-2B8F-49B1-83B7-DA1F6A5C7233}.Release|Any CPU.ActiveCfg = Release|Any CPU
		{C82BDA7C-2B8F-49B1-83B7-DA1F6A5C7233}.Release|Any CPU.Build.0 = Release|Any CPU
		{A2C3E82C-9F2E-48CA-BD5C-552F6F386E61}.Debug|Any CPU.ActiveCfg = Debug|Any CPU
		{A2C3E82C-9F2E-48CA-BD5C-552F6F386E61}.Debug|Any CPU.Build.0 = Debug|Any CPU
		{A2C3E82C-9F2E-48CA-BD5C-552F6F386E61}.Release|Any CPU.ActiveCfg = Release|Any CPU
		{A2C3E82C-9F2E-48CA-BD5C-552F6F386E61}.Release|Any CPU.Build.0 = Release|Any CPU
		{5330CB7E-D8D8-4F08-9837-37522B6EA433}.Debug|Any CPU.ActiveCfg = Debug|Any CPU
		{5330CB7E-D8D8-4F08-9837-37522B6EA433}.Debug|Any CPU.Build.0 = Debug|Any CPU
		{5330CB7E-D8D8-4F08-9837-37522B6EA433}.Release|Any CPU.ActiveCfg = Release|Any CPU
		{5330CB7E-D8D8-4F08-9837-37522B6EA433}.Release|Any CPU.Build.0 = Release|Any CPU
	EndGlobalSection
	GlobalSection(SolutionProperties) = preSolution
		HideSolutionNode = FALSE
	EndGlobalSection
	GlobalSection(ExtensibilityGlobals) = postSolution
		SolutionGuid = {5DF943E4-5F83-459D-9371-590F78E92EFD}
	EndGlobalSection
EndGlobal
