
Microsoft Visual Studio Solution File, Format Version 12.00
# Visual Studio Version 17
VisualStudioVersion = 17.11.35431.28
MinimumVisualStudioVersion = 10.0.40219.1
Project("{9A19103F-16F7-4668-BE54-9A1E7A4F7556}") = "Presentationlayer", "Presentationlayer\Presentationlayer.csproj", "{F2614182-64B5-4DE6-90D8-F7CB94B6C581}"
EndProject
Project("{9A19103F-16F7-4668-BE54-9A1E7A4F7556}") = "DataAccessLayer", "DataAccessLayer\DataAccessLayer.csproj", "{6E60C7CA-A22C-4EAE-A6B9-BDEF1A09C140}"
EndProject
Project("{9A19103F-16F7-4668-BE54-9A1E7A4F7556}") = "BusinessLogicLayer", "BusinessLogicLayer\BusinessLogicLayer.csproj", "{7458CAFF-10DA-4919-BA53-203F984D9D34}"
EndProject
Global
	GlobalSection(SolutionConfigurationPlatforms) = preSolution
		Debug|Any CPU = Debug|Any CPU
		Release|Any CPU = Release|Any CPU
	EndGlobalSection
	GlobalSection(ProjectConfigurationPlatforms) = postSolution
		{F2614182-64B5-4DE6-90D8-F7CB94B6C581}.Debug|Any CPU.ActiveCfg = Debug|Any CPU
		{F2614182-64B5-4DE6-90D8-F7CB94B6C581}.Debug|Any CPU.Build.0 = Debug|Any CPU
		{F2614182-64B5-4DE6-90D8-F7CB94B6C581}.Release|Any CPU.ActiveCfg = Release|Any CPU
		{F2614182-64B5-4DE6-90D8-F7CB94B6C581}.Release|Any CPU.Build.0 = Release|Any CPU
		{6E60C7CA-A22C-4EAE-A6B9-BDEF1A09C140}.Debug|Any CPU.ActiveCfg = Debug|Any CPU
		{6E60C7CA-A22C-4EAE-A6B9-BDEF1A09C140}.Debug|Any CPU.Build.0 = Debug|Any CPU
		{6E60C7CA-A22C-4EAE-A6B9-BDEF1A09C140}.Release|Any CPU.ActiveCfg = Release|Any CPU
		{6E60C7CA-A22C-4EAE-A6B9-BDEF1A09C140}.Release|Any CPU.Build.0 = Release|Any CPU
		{7458CAFF-10DA-4919-BA53-203F984D9D34}.Debug|Any CPU.ActiveCfg = Debug|Any CPU
		{7458CAFF-10DA-4919-BA53-203F984D9D34}.Debug|Any CPU.Build.0 = Debug|Any CPU
		{7458CAFF-10DA-4919-BA53-203F984D9D34}.Release|Any CPU.ActiveCfg = Release|Any CPU
		{7458CAFF-10DA-4919-BA53-203F984D9D34}.Release|Any CPU.Build.0 = Release|Any CPU
	EndGlobalSection
	GlobalSection(SolutionProperties) = preSolution
		HideSolutionNode = FALSE
	EndGlobalSection
	GlobalSection(ExtensibilityGlobals) = postSolution
		SolutionGuid = {A913C87D-BF2A-46CE-B48D-279F702AA5DC}
	EndGlobalSection
EndGlobal
