
Microsoft Visual Studio Solution File, Format Version 12.00
# Visual Studio Version 17
VisualStudioVersion = 17.11.35431.28
MinimumVisualStudioVersion = 10.0.40219.1
Project("{FAE04EC0-301F-11D3-BF4B-00C04F79EFBC}") = "BankApplication", "BankApplication.csproj", "{6C6C5B89-8D7D-45A5-955A-1E128E56F52F}"
EndProject
Global
	GlobalSection(SolutionConfigurationPlatforms) = preSolution
		Debug|Any CPU = Debug|Any CPU
		Release|Any CPU = Release|Any CPU
	EndGlobalSection
	GlobalSection(ProjectConfigurationPlatforms) = postSolution
		{6C6C5B89-8D7D-45A5-955A-1E128E56F52F}.Debug|Any CPU.ActiveCfg = Debug|Any CPU
		{6C6C5B89-8D7D-45A5-955A-1E128E56F52F}.Debug|Any CPU.Build.0 = Debug|Any CPU
		{6C6C5B89-8D7D-45A5-955A-1E128E56F52F}.Release|Any CPU.ActiveCfg = Release|Any CPU
		{6C6C5B89-8D7D-45A5-955A-1E128E56F52F}.Release|Any CPU.Build.0 = Release|Any CPU
	EndGlobalSection
	GlobalSection(SolutionProperties) = preSolution
		HideSolutionNode = FALSE
	EndGlobalSection
	GlobalSection(ExtensibilityGlobals) = postSolution
		SolutionGuid = {058D0A52-6BBC-4A4C-9F8C-0B9D43C07CBE}
	EndGlobalSection
EndGlobal
