
Microsoft Visual Studio Solution File, Format Version 12.00
# Visual Studio Version 17
VisualStudioVersion = 17.11.35431.28
MinimumVisualStudioVersion = 10.0.40219.1
Project("{FAE04EC0-301F-11D3-BF4B-00C04F79EFBC}") = "DifferentForm", "DifferentForm\DifferentForm.csproj", "{5344433B-4D0D-4A1D-895E-B2DACD8D2DD1}"
EndProject
Global
	GlobalSection(SolutionConfigurationPlatforms) = preSolution
		Debug|Any CPU = Debug|Any CPU
		Release|Any CPU = Release|Any CPU
	EndGlobalSection
	GlobalSection(ProjectConfigurationPlatforms) = postSolution
		{5344433B-4D0D-4A1D-895E-B2DACD8D2DD1}.Debug|Any CPU.ActiveCfg = Debug|Any CPU
		{5344433B-4D0D-4A1D-895E-B2DACD8D2DD1}.Debug|Any CPU.Build.0 = Debug|Any CPU
		{5344433B-4D0D-4A1D-895E-B2DACD8D2DD1}.Release|Any CPU.ActiveCfg = Release|Any CPU
		{5344433B-4D0D-4A1D-895E-B2DACD8D2DD1}.Release|Any CPU.Build.0 = Release|Any CPU
	EndGlobalSection
	GlobalSection(SolutionProperties) = preSolution
		HideSolutionNode = FALSE
	EndGlobalSection
	GlobalSection(ExtensibilityGlobals) = postSolution
		SolutionGuid = {E7CA1BAB-F0CB-472F-B11A-452AAEC606E4}
	EndGlobalSection
EndGlobal
