
Microsoft Visual Studio Solution File, Format Version 12.00
# Visual Studio Version 17
VisualStudioVersion = 17.11.35431.28
MinimumVisualStudioVersion = 10.0.40219.1
Project("{FAE04EC0-301F-11D3-BF4B-00C04F79EFBC}") = "StudentCrudWithViewModel", "StudentCrudWithViewModel\StudentCrudWithViewModel.csproj", "{C91D9D21-6B55-4FF8-A87D-5FDB0ACCCF32}"
EndProject
Global
	GlobalSection(SolutionConfigurationPlatforms) = preSolution
		Debug|Any CPU = Debug|Any CPU
		Release|Any CPU = Release|Any CPU
	EndGlobalSection
	GlobalSection(ProjectConfigurationPlatforms) = postSolution
		{C91D9D21-6B55-4FF8-A87D-5FDB0ACCCF32}.Debug|Any CPU.ActiveCfg = Debug|Any CPU
		{C91D9D21-6B55-4FF8-A87D-5FDB0ACCCF32}.Debug|Any CPU.Build.0 = Debug|Any CPU
		{C91D9D21-6B55-4FF8-A87D-5FDB0ACCCF32}.Release|Any CPU.ActiveCfg = Release|Any CPU
		{C91D9D21-6B55-4FF8-A87D-5FDB0ACCCF32}.Release|Any CPU.Build.0 = Release|Any CPU
	EndGlobalSection
	GlobalSection(SolutionProperties) = preSolution
		HideSolutionNode = FALSE
	EndGlobalSection
	GlobalSection(ExtensibilityGlobals) = postSolution
		SolutionGuid = {4DD1824F-02A9-41DF-B967-DEC09442AC0C}
	EndGlobalSection
EndGlobal
