
Microsoft Visual Studio Solution File, Format Version 12.00
# Visual Studio Version 17
VisualStudioVersion = 17.11.35431.28
MinimumVisualStudioVersion = 10.0.40219.1
Project("{FAE04EC0-301F-11D3-BF4B-00C04F79EFBC}") = "Routing", "Routing\Routing.csproj", "{00501E63-0A9F-499C-A700-C0B3F3C9B6C8}"
EndProject
Project("{FAE04EC0-301F-11D3-BF4B-00C04F79EFBC}") = "TokenWithAttributeRouting", "TokenWithAttributeRouting\TokenWithAttributeRouting.csproj", "{0F79A794-FC35-4566-A601-E6C97AD8A79B}"
EndProject
Global
	GlobalSection(SolutionConfigurationPlatforms) = preSolution
		Debug|Any CPU = Debug|Any CPU
		Release|Any CPU = Release|Any CPU
	EndGlobalSection
	GlobalSection(ProjectConfigurationPlatforms) = postSolution
		{00501E63-0A9F-499C-A700-C0B3F3C9B6C8}.Debug|Any CPU.ActiveCfg = Debug|Any CPU
		{00501E63-0A9F-499C-A700-C0B3F3C9B6C8}.Debug|Any CPU.Build.0 = Debug|Any CPU
		{00501E63-0A9F-499C-A700-C0B3F3C9B6C8}.Release|Any CPU.ActiveCfg = Release|Any CPU
		{00501E63-0A9F-499C-A700-C0B3F3C9B6C8}.Release|Any CPU.Build.0 = Release|Any CPU
		{0F79A794-FC35-4566-A601-E6C97AD8A79B}.Debug|Any CPU.ActiveCfg = Debug|Any CPU
		{0F79A794-FC35-4566-A601-E6C97AD8A79B}.Debug|Any CPU.Build.0 = Debug|Any CPU
		{0F79A794-FC35-4566-A601-E6C97AD8A79B}.Release|Any CPU.ActiveCfg = Release|Any CPU
		{0F79A794-FC35-4566-A601-E6C97AD8A79B}.Release|Any CPU.Build.0 = Release|Any CPU
	EndGlobalSection
	GlobalSection(SolutionProperties) = preSolution
		HideSolutionNode = FALSE
	EndGlobalSection
	GlobalSection(ExtensibilityGlobals) = postSolution
		SolutionGuid = {24A42720-0320-4E33-A9C7-ED475FA9EAAB}
	EndGlobalSection
EndGlobal
